# @generated by Move, please check-in and do not edit manually.

[move]
version = 3
manifest_digest = "A870DF5542C2169054A07DCEF3117793BAB4E894F405D954C02348CB1D2AD3DA"
deps_digest = "F8BBB0CCB2491CA29A3DF03D6F92277A4F3574266507ACD77214D37ECA3F3082"
dependencies = [
  { id = "Iota", name = "Iota" },
]

[[move.package]]
id = "Iota"
source = { git = "https://github.com/iotaledger/iota.git", rev = "devnet", subdir = "crates/iota-framework/packages/iota-framework" }

dependencies = [
  { id = "MoveStdlib", name = "MoveStdlib" },
]

[[move.package]]
id = "MoveStdlib"
source = { git = "https://github.com/iotaledger/iota.git", rev = "devnet", subdir = "crates/iota-framework/packages/move-stdlib" }

[move.toolchain-version]
compiler-version = "1.12.0-rc"
edition = "2024"
flavor = "iota"

[env]

[env.testnet]
chain-id = "2304aa97"
original-published-id = "0x531b1a0cffce328dccb78192539a8f82c5eeb650051a3860c045ffffbf135925"
latest-published-id = "0x531b1a0cffce328dccb78192539a8f82c5eeb650051a3860c045ffffbf135925"
published-version = "1"

[env.devnet]
chain-id = "e678123a"
original-published-id = "0x4bc6d4cf476f46711e58a26795a610815265657f34e6efdb6b958daf841a70d7"
latest-published-id = "0x4bc6d4cf476f46711e58a26795a610815265657f34e6efdb6b958daf841a70d7"
published-version = "1"

